
Microsoft Visual Studio Solution File, Format Version 11.00
# Visual Studio 2010
Project("{FAE04EC0-301F-11D3-BF4B-00C04F79EFBC}") = "Assembly-CSharp", "Assembly-CSharp.csproj", "{8F2FF0FE-5EE4-E067-4B8B-ECEA5BC5C55A}"
EndProject
Project("{FAE04EC0-301F-11D3-BF4B-00C04F79EFBC}") = "Assembly-CSharp-Editor", "Assembly-CSharp-Editor.csproj", "{B024A21E-6C3B-025D-9F5D-D752C6BF833B}"
EndProject
Global
	GlobalSection(SolutionConfigurationPlatforms) = preSolution
		Debug|Any CPU = Debug|Any CPU
		Release|Any CPU = Release|Any CPU
	EndGlobalSection
	GlobalSection(ProjectConfigurationPlatforms) = postSolution
		{8F2FF0FE-5EE4-E067-4B8B-ECEA5BC5C55A}.Debug|Any CPU.ActiveCfg = Debug|Any CPU
		{8F2FF0FE-5EE4-E067-4B8B-ECEA5BC5C55A}.Debug|Any CPU.Build.0 = Debug|Any CPU
		{8F2FF0FE-5EE4-E067-4B8B-ECEA5BC5C55A}.Release|Any CPU.ActiveCfg = Release|Any CPU
		{8F2FF0FE-5EE4-E067-4B8B-ECEA5BC5C55A}.Release|Any CPU.Build.0 = Release|Any CPU
		{B024A21E-6C3B-025D-9F5D-D752C6BF833B}.Debug|Any CPU.ActiveCfg = Debug|Any CPU
		{B024A21E-6C3B-025D-9F5D-D752C6BF833B}.Debug|Any CPU.Build.0 = Debug|Any CPU
		{B024A21E-6C3B-025D-9F5D-D752C6BF833B}.Release|Any CPU.ActiveCfg = Release|Any CPU
		{B024A21E-6C3B-025D-9F5D-D752C6BF833B}.Release|Any CPU.Build.0 = Release|Any CPU
	EndGlobalSection
	GlobalSection(SolutionProperties) = preSolution
		HideSolutionNode = FALSE
	EndGlobalSection
EndGlobal
